PODS:
  - NJKWebViewProgress (0.2.3):
    - NJKWebViewProgress/Core
    - NJKWebViewProgress/ProgressView
  - NJKWebViewProgress/Core (0.2.3)
  - NJKWebViewProgress/ProgressView (0.2.3)
  - TUSafariActivity (1.0.0)

DEPENDENCIES:
  - NJKWebViewProgress
  - TUSafariActivity

SPEC CHECKSUMS:
  NJKWebViewProgress: 721b57080c840c76f70ff6c2dda4f836ee1b27c1
  TUSafariActivity: bd9da588f5f9136ba445d89f8f86b6dccf4d46ba

COCOAPODS: 0.32.1
